
Microsoft Visual Studio Solution File, Format Version 12.00
# Visual Studio Version 16
VisualStudioVersion = 16.0.31424.327
MinimumVisualStudioVersion = 10.0.40219.1
Project("{FAE04EC0-301F-11D3-BF4B-00C04F79EFBC}") = "JWTAuthWebAPI", "JWTAuthWebAPI\JWTAuthWebAPI.csproj", "{7FDFB6CB-8279-4C6A-9F62-B89E41460D6B}"
EndProject
Global
	GlobalSection(SolutionConfigurationPlatforms) = preSolution
		Debug|Any CPU = Debug|Any CPU
		Release|Any CPU = Release|Any CPU
	EndGlobalSection
	GlobalSection(ProjectConfigurationPlatforms) = postSolution
		{7FDFB6CB-8279-4C6A-9F62-B89E41460D6B}.Debug|Any CPU.ActiveCfg = Debug|Any CPU
		{7FDFB6CB-8279-4C6A-9F62-B89E41460D6B}.Debug|Any CPU.Build.0 = Debug|Any CPU
		{7FDFB6CB-8279-4C6A-9F62-B89E41460D6B}.Release|Any CPU.ActiveCfg = Release|Any CPU
		{7FDFB6CB-8279-4C6A-9F62-B89E41460D6B}.Release|Any CPU.Build.0 = Release|Any CPU
	EndGlobalSection
	GlobalSection(SolutionProperties) = preSolution
		HideSolutionNode = FALSE
	EndGlobalSection
	GlobalSection(ExtensibilityGlobals) = postSolution
		SolutionGuid = {949377F3-B738-47EB-89B2-A9E2B0B923A4}
	EndGlobalSection
EndGlobal
